
Microsoft Visual Studio Solution File, Format Version 12.00
# Visual Studio Version 16
VisualStudioVersion = 16.0.30621.155
MinimumVisualStudioVersion = 10.0.40219.1
Project("{8BC9CEB8-8B4A-11D0-8D11-00A0C91BC942}") = "lab1_v3", "lab1_v3.vcxproj", "{FCC23EF9-F0BF-4E2C-A9CA-819F5274F6AD}"
EndProject
Global
	GlobalSection(SolutionConfigurationPlatforms) = preSolution
		Debug|x64 = Debug|x64
		Debug|x86 = Debug|x86
		Release|x64 = Release|x64
		Release|x86 = Release|x86
	EndGlobalSection
	GlobalSection(ProjectConfigurationPlatforms) = postSolution
		{FCC23EF9-F0BF-4E2C-A9CA-819F5274F6AD}.Debug|x64.ActiveCfg = Debug|x64
		{FCC23EF9-F0BF-4E2C-A9CA-819F5274F6AD}.Debug|x64.Build.0 = Debug|x64
		{FCC23EF9-F0BF-4E2C-A9CA-819F5274F6AD}.Debug|x86.ActiveCfg = Debug|Win32
		{FCC23EF9-F0BF-4E2C-A9CA-819F5274F6AD}.Debug|x86.Build.0 = Debug|Win32
		{FCC23EF9-F0BF-4E2C-A9CA-819F5274F6AD}.Release|x64.ActiveCfg = Release|x64
		{FCC23EF9-F0BF-4E2C-A9CA-819F5274F6AD}.Release|x64.Build.0 = Release|x64
		{FCC23EF9-F0BF-4E2C-A9CA-819F5274F6AD}.Release|x86.ActiveCfg = Release|Win32
		{FCC23EF9-F0BF-4E2C-A9CA-819F5274F6AD}.Release|x86.Build.0 = Release|Win32
	EndGlobalSection
	GlobalSection(SolutionProperties) = preSolution
		HideSolutionNode = FALSE
	EndGlobalSection
	GlobalSection(ExtensibilityGlobals) = postSolution
		SolutionGuid = {1E1F0AB6-1143-4C44-B20C-70ADBBC9FAAA}
	EndGlobalSection
EndGlobal
